<?xml version="1.0" encoding="utf-8"?>
<CodeBlocks_project_file>
	<FileVersion major="1" minor="6"/>
	<Project>
		<Option title="any_val_any_bson_serialize_test"/>
		<Option pch_mode="2"/>
		<Option compiler="gcc"/>
		<Build>
			<Target title="Debug-x32">
				<Option output="$(WORKSPACE_DIR)/$(TARGET_NAME)/$(#COMPILER_VERSION)/$(PROJECT_NAME)" prefix_auto="1" extension_auto="1"/>
				<Option object_output="$(TARGET_NAME)/$(PROJECT_NAME)$(#COMPILER_VERSION_TAG)"/>
				<Option type="1"/>
				<Option compiler="gnu_gcc32_compiler"/>
				<Option projectLinkerOptionsRelation="2"/>
				<Compiler>
					<Add option="-m32"/>
					<Add option="-O0"/>
					<Add option="-g"/>
					<Add option="-fno-elide-constructors"/>
					<Add option="-D_DEBUG"/>
				</Compiler>
				<Linker>
					<Add option="-m32"/>
					<Add option="-lyggr_nsql_database_system$(#COMPILER_VERSION_TAG)-d"/>
					<Add option="-lyggr_system_controller$(#COMPILER_VERSION_TAG)-d"/>
					<Add option="-lyggr_exception$(#COMPILER_VERSION_TAG)-d"/>
					<Add option="-lyggr_ids$(#COMPILER_VERSION_TAG)-d"/>
					<Add option="-lyggr_time$(#COMPILER_VERSION_TAG)-d"/>
					<Add option="-lyggr_charset$(#COMPILER_VERSION_TAG)-d"/>
					<Add option="-lyggr_base$(#COMPILER_VERSION_TAG)-d"/>
					<Add option="-lyggr_compatibility$(#COMPILER_VERSION_TAG)-d"/>
					<Add option="-lboost_wserialization$(#COMPILER_VERSION_TAG)-mt-sd-x32$(#BOOST_VERSION_TAG)"/>
					<Add option="-lboost_serialization$(#COMPILER_VERSION_TAG)-mt-sd-x32$(#BOOST_VERSION_TAG)"/>
					<Add option="-lboost_date_time$(#COMPILER_VERSION_TAG)-mt-d-x32$(#BOOST_VERSION_TAG)"/>
					<Add option="-lboost_thread$(#COMPILER_VERSION_TAG)-mt-d-x32$(#BOOST_VERSION_TAG)"/>
					<Add option="-lboost_system$(#COMPILER_VERSION_TAG)-mt-d-x32$(#BOOST_VERSION_TAG)"/>
					<Add option="-lmongoc$(#COMPILER_VERSION_TAG)-d"/>
					<Add option="-lmongocrypt$(#COMPILER_VERSION_TAG)-d"/>
					<Add option="-lkms-message$(#COMPILER_VERSION_TAG)-d"/>
					<Add option="-lutf8proc$(#COMPILER_VERSION_TAG)-d"/>
					<Add option="-lbson$(#COMPILER_VERSION_TAG)-d"/>
					<Add option="-lcommon$(#COMPILER_VERSION_TAG)-d"/>
					<Add option="-licuuc"/>
					<Add option="-licui18n"/>
					<Add option="-licudata"/>
					<Add option="-lintel_dfp_obj$(#COMPILER_VERSION_TAG)-d"/>
					<Add option="-lbase64$(#COMPILER_VERSION_TAG)-d"/>
					<Add directory="../lib"/>
				</Linker>
			</Target>
			<Target title="Release-x32">
				<Option output="$(WORKSPACE_DIR)/$(TARGET_NAME)/$(#COMPILER_VERSION)/$(PROJECT_NAME)" prefix_auto="1" extension_auto="1"/>
				<Option object_output="$(TARGET_NAME)/$(PROJECT_NAME)$(#COMPILER_VERSION_TAG)"/>
				<Option type="1"/>
				<Option compiler="gnu_gcc32_compiler"/>
				<Option projectLinkerOptionsRelation="2"/>
				<Compiler>
					<Add option="-m32"/>
					<Add option="-O3"/>
					<Add option="-DNDEBUG"/>
				</Compiler>
				<Linker>
					<Add option="-m32"/>
					<Add option="-s"/>
					<Add option="-Wl,--gc-sections"/>
					<Add option="-lyggr_nsql_database_system$(#COMPILER_VERSION_TAG)"/>
					<Add option="-lyggr_system_controller$(#COMPILER_VERSION_TAG)"/>
					<Add option="-lyggr_exception$(#COMPILER_VERSION_TAG)"/>
					<Add option="-lyggr_ids$(#COMPILER_VERSION_TAG)"/>
					<Add option="-lyggr_time$(#COMPILER_VERSION_TAG)"/>
					<Add option="-lyggr_charset$(#COMPILER_VERSION_TAG)"/>
					<Add option="-lyggr_base$(#COMPILER_VERSION_TAG)"/>
					<Add option="-lyggr_compatibility$(#COMPILER_VERSION_TAG)"/>
					<Add option="-lboost_wserialization$(#COMPILER_VERSION_TAG)-mt-s-x32$(#BOOST_VERSION_TAG)"/>
					<Add option="-lboost_serialization$(#COMPILER_VERSION_TAG)-mt-s-x32$(#BOOST_VERSION_TAG)"/>
					<Add option="-lboost_date_time$(#COMPILER_VERSION_TAG)-mt-x32$(#BOOST_VERSION_TAG)"/>
					<Add option="-lboost_thread$(#COMPILER_VERSION_TAG)-mt-x32$(#BOOST_VERSION_TAG)"/>
					<Add option="-lboost_system$(#COMPILER_VERSION_TAG)-mt-x32$(#BOOST_VERSION_TAG)"/>
					<Add option="-lmongoc$(#COMPILER_VERSION_TAG)"/>
					<Add option="-lmongocrypt$(#COMPILER_VERSION_TAG)"/>
					<Add option="-lkms-message$(#COMPILER_VERSION_TAG)"/>
					<Add option="-lutf8proc$(#COMPILER_VERSION_TAG)"/>
					<Add option="-lbson$(#COMPILER_VERSION_TAG)"/>
					<Add option="-lcommon$(#COMPILER_VERSION_TAG)"/>
					<Add option="-licuuc"/>
					<Add option="-licui18n"/>
					<Add option="-licudata"/>
					<Add option="-lintel_dfp_obj$(#COMPILER_VERSION_TAG)"/>
					<Add option="-lbase64$(#COMPILER_VERSION_TAG)"/>
					<Add directory="../lib"/>
				</Linker>
			</Target>
			<Target title="Debug-x64">
				<Option output="$(WORKSPACE_DIR)/$(TARGET_NAME)/$(#COMPILER_VERSION)/$(PROJECT_NAME)" prefix_auto="1" extension_auto="1"/>
				<Option object_output="$(TARGET_NAME)/$(PROJECT_NAME)$(#COMPILER_VERSION_TAG)"/>
				<Option type="1"/>
				<Option compiler="gcc"/>
				<Option projectLinkerOptionsRelation="2"/>
				<Compiler>
					<Add option="-m64"/>
					<Add option="-O0"/>
					<Add option="-g"/>
					<Add option="-fno-elide-constructors"/>
					<Add option="-DYGGR_SYSTEM_64"/>
					<Add option="-D_DEBUG"/>
				</Compiler>
				<Linker>
					<Add option="-m64"/>
					<Add option="-lyggr_nsql_database_system$(#COMPILER_VERSION_TAG)-d"/>
					<Add option="-lyggr_system_controller$(#COMPILER_VERSION_TAG)-d"/>
					<Add option="-lyggr_exception$(#COMPILER_VERSION_TAG)-d"/>
					<Add option="-lyggr_ids$(#COMPILER_VERSION_TAG)-d"/>
					<Add option="-lyggr_time$(#COMPILER_VERSION_TAG)-d"/>
					<Add option="-lyggr_charset$(#COMPILER_VERSION_TAG)-d"/>
					<Add option="-lyggr_base$(#COMPILER_VERSION_TAG)-d"/>
					<Add option="-lyggr_compatibility$(#COMPILER_VERSION_TAG)-d"/>
					<Add option="-lboost_wserialization$(#COMPILER_VERSION_TAG)-mt-sd-x64$(#BOOST_VERSION_TAG)"/>
					<Add option="-lboost_serialization$(#COMPILER_VERSION_TAG)-mt-sd-x64$(#BOOST_VERSION_TAG)"/>
					<Add option="-lboost_date_time$(#COMPILER_VERSION_TAG)-mt-d-x64$(#BOOST_VERSION_TAG)"/>
					<Add option="-lboost_thread$(#COMPILER_VERSION_TAG)-mt-d-x64$(#BOOST_VERSION_TAG)"/>
					<Add option="-lboost_system$(#COMPILER_VERSION_TAG)-mt-d-x64$(#BOOST_VERSION_TAG)"/>
					<Add option="-lmongoc$(#COMPILER_VERSION_TAG)-d"/>
					<Add option="-lmongocrypt$(#COMPILER_VERSION_TAG)-d"/>
					<Add option="-lkms-message$(#COMPILER_VERSION_TAG)-d"/>
					<Add option="-lutf8proc$(#COMPILER_VERSION_TAG)-d"/>
					<Add option="-lbson$(#COMPILER_VERSION_TAG)-d"/>
					<Add option="-lcommon$(#COMPILER_VERSION_TAG)-d"/>
					<Add option="-licuuc"/>
					<Add option="-licui18n"/>
					<Add option="-licudata"/>
					<Add option="-lintel_dfp_obj$(#COMPILER_VERSION_TAG)-d"/>
					<Add option="-lbase64$(#COMPILER_VERSION_TAG)-d"/>
					<Add directory="../lib64"/>
				</Linker>
			</Target>
			<Target title="Release-x64">
				<Option output="$(WORKSPACE_DIR)/$(TARGET_NAME)/$(#COMPILER_VERSION)/$(PROJECT_NAME)" prefix_auto="1" extension_auto="1"/>
				<Option object_output="$(TARGET_NAME)/$(PROJECT_NAME)$(#COMPILER_VERSION_TAG)"/>
				<Option type="1"/>
				<Option compiler="gcc"/>
				<Option projectLinkerOptionsRelation="2"/>
				<Compiler>
					<Add option="-m64"/>
					<Add option="-O3"/>
					<Add option="-DNDEBUG"/>
					<Add option="-DYGGR_SYSTEM_64"/>
				</Compiler>
				<Linker>
					<Add option="-m64"/>
					<Add option="-s"/>
					<Add option="-Wl,--gc-sections"/>
					<Add option="-lyggr_nsql_database_system$(#COMPILER_VERSION_TAG)"/>
					<Add option="-lyggr_system_controller$(#COMPILER_VERSION_TAG)"/>
					<Add option="-lyggr_exception$(#COMPILER_VERSION_TAG)"/>
					<Add option="-lyggr_ids$(#COMPILER_VERSION_TAG)"/>
					<Add option="-lyggr_time$(#COMPILER_VERSION_TAG)"/>
					<Add option="-lyggr_charset$(#COMPILER_VERSION_TAG)"/>
					<Add option="-lyggr_base$(#COMPILER_VERSION_TAG)"/>
					<Add option="-lyggr_compatibility$(#COMPILER_VERSION_TAG)"/>
					<Add option="-lboost_wserialization$(#COMPILER_VERSION_TAG)-mt-s-x64$(#BOOST_VERSION_TAG)"/>
					<Add option="-lboost_serialization$(#COMPILER_VERSION_TAG)-mt-s-x64$(#BOOST_VERSION_TAG)"/>
					<Add option="-lboost_date_time$(#COMPILER_VERSION_TAG)-mt-x64$(#BOOST_VERSION_TAG)"/>
					<Add option="-lboost_thread$(#COMPILER_VERSION_TAG)-mt-x64$(#BOOST_VERSION_TAG)"/>
					<Add option="-lboost_system$(#COMPILER_VERSION_TAG)-mt-x64$(#BOOST_VERSION_TAG)"/>
					<Add option="-lmongoc$(#COMPILER_VERSION_TAG)"/>
					<Add option="-lmongocrypt$(#COMPILER_VERSION_TAG)"/>
					<Add option="-lkms-message$(#COMPILER_VERSION_TAG)"/>
					<Add option="-lutf8proc$(#COMPILER_VERSION_TAG)"/>
					<Add option="-lbson$(#COMPILER_VERSION_TAG)"/>
					<Add option="-lcommon$(#COMPILER_VERSION_TAG)"/>
					<Add option="-licuuc"/>
					<Add option="-licui18n"/>
					<Add option="-licudata"/>
					<Add option="-lintel_dfp_obj$(#COMPILER_VERSION_TAG)"/>
					<Add option="-lbase64$(#COMPILER_VERSION_TAG)"/>
					<Add directory="../lib64"/>
				</Linker>
			</Target>
		</Build>
		<VirtualTargets>
			<Add alias="all" targets="Debug-x32;Release-x32;Debug-x64;Release-x64;"/>
			<Add alias="all_libonly" targets="NIL;"/>
		</VirtualTargets>
		<Compiler>
			<Add option="-Wall"/>
			<Add option="-std=c++20"/>
			<Add option="-fexceptions"/>
			<Add option="-Wno-sign-compare"/>
			<Add option="-Wno-comment"/>
			<Add option="-Wno-enum-compare"/>
			<Add option="-Wno-unused-local-typedefs"/>
			<Add option="-Wno-multichar"/>
			<Add option="-Werror=return-type"/>
			<Add option="-Werror=endif-labels"/>
			<Add option="-fdata-sections"/>
			<Add option="-ffunction-sections"/>
			<Add option="-fno-strict-aliasing"/>
			<Add option="-Werror=reorder"/>
			<Add option="-ftemplate-backtrace-limit=0"/>
			<Add directory="../"/>
			<Add directory="../yggr_lua_base_type"/>
		</Compiler>
		<Unit filename="any_val/any_bson_serialize_test.cpp"/>
		<Extensions>
			<lib_finder disable_auto="1"/>
		</Extensions>
		<Linker>
			<Add option="-lz"/>
			<Add option="-lssl"/>
			<Add option="-lsasl2"/>
			<Add option="-liconv"/>
			<Add option="-lcrypto"/>
			<Add option="-lresolv"/>
			<Add option="-lm"/>
		</Linker>
	</Project>
</CodeBlocks_project_file>
