
Microsoft Visual Studio Solution File, Format Version 11.00
# Visual Studio 2010
Project("{8BC9CEB8-8B4A-11D0-8D11-00A0C91BC942}") = "include", "include\include.vcxproj", "{BC5C4F77-2712-49A6-B258-56ADA53A3F01}"
EndProject
Project("{8BC9CEB8-8B4A-11D0-8D11-00A0C91BC942}") = "luabit", "luabit\luabit.vcxproj", "{FC0DF99B-6F4F-4A32-BD74-FDF7EDE17E49}"
EndProject
Project("{8BC9CEB8-8B4A-11D0-8D11-00A0C91BC942}") = "lualpeg", "lualpeg\lualpeg.vcxproj", "{38FFFEC1-A393-490C-9902-32566ECF22FA}"
EndProject
Project("{8BC9CEB8-8B4A-11D0-8D11-00A0C91BC942}") = "msc99rt", "msc99rt\msc99rt.vcxproj", "{1D870F5A-BD02-47B4-903E-E04E6D5659E0}"
EndProject
Project("{8BC9CEB8-8B4A-11D0-8D11-00A0C91BC942}") = "luapb", "luapb\luapb.vcxproj", "{1C411D12-B0DE-4782-ABCE-4ABB059B09FB}"
EndProject
Project("{8BC9CEB8-8B4A-11D0-8D11-00A0C91BC942}") = "luastruct", "luastruct\luastruct.vcxproj", "{D4E2199E-D038-45CD-911D-4113ED68EBE8}"
EndProject
Project("{8BC9CEB8-8B4A-11D0-8D11-00A0C91BC942}") = "tolua", "tolua\tolua.vcxproj", "{B9F36586-C6BE-41C1-9E39-34ED68F13934}"
EndProject
Project("{8BC9CEB8-8B4A-11D0-8D11-00A0C91BC942}") = "luacjson", "luacjson\luacjson.vcxproj", "{2C44BD35-5837-46A0-A7E1-1B02AE3669FF}"
EndProject
Project("{8BC9CEB8-8B4A-11D0-8D11-00A0C91BC942}") = "dly_lua_gungnir", "dly_lua_gungnir\dly_lua_gungnir.vcxproj", "{7086A178-374D-41DA-A963-3893B68F6867}"
EndProject
Project("{8BC9CEB8-8B4A-11D0-8D11-00A0C91BC942}") = "luasocket", "luasocket\luasocket.vcxproj", "{2BD54EE4-F430-4CE8-89CD-695482F3CD8A}"
EndProject
Global
	GlobalSection(SolutionConfigurationPlatforms) = preSolution
		Debug|Win32 = Debug|Win32
		Debug|x64 = Debug|x64
		Release|Win32 = Release|Win32
		Release|x64 = Release|x64
	EndGlobalSection
	GlobalSection(ProjectConfigurationPlatforms) = postSolution
		{BC5C4F77-2712-49A6-B258-56ADA53A3F01}.Debug|Win32.ActiveCfg = Debug|Win32
		{BC5C4F77-2712-49A6-B258-56ADA53A3F01}.Debug|Win32.Build.0 = Debug|Win32
		{BC5C4F77-2712-49A6-B258-56ADA53A3F01}.Debug|x64.ActiveCfg = Debug|x64
		{BC5C4F77-2712-49A6-B258-56ADA53A3F01}.Debug|x64.Build.0 = Debug|x64
		{BC5C4F77-2712-49A6-B258-56ADA53A3F01}.Release|Win32.ActiveCfg = Release|Win32
		{BC5C4F77-2712-49A6-B258-56ADA53A3F01}.Release|Win32.Build.0 = Release|Win32
		{BC5C4F77-2712-49A6-B258-56ADA53A3F01}.Release|x64.ActiveCfg = Release|x64
		{BC5C4F77-2712-49A6-B258-56ADA53A3F01}.Release|x64.Build.0 = Release|x64
		{FC0DF99B-6F4F-4A32-BD74-FDF7EDE17E49}.Debug|Win32.ActiveCfg = Debug|Win32
		{FC0DF99B-6F4F-4A32-BD74-FDF7EDE17E49}.Debug|Win32.Build.0 = Debug|Win32
		{FC0DF99B-6F4F-4A32-BD74-FDF7EDE17E49}.Debug|x64.ActiveCfg = Debug|x64
		{FC0DF99B-6F4F-4A32-BD74-FDF7EDE17E49}.Debug|x64.Build.0 = Debug|x64
		{FC0DF99B-6F4F-4A32-BD74-FDF7EDE17E49}.Release|Win32.ActiveCfg = Release|Win32
		{FC0DF99B-6F4F-4A32-BD74-FDF7EDE17E49}.Release|Win32.Build.0 = Release|Win32
		{FC0DF99B-6F4F-4A32-BD74-FDF7EDE17E49}.Release|x64.ActiveCfg = Release|x64
		{FC0DF99B-6F4F-4A32-BD74-FDF7EDE17E49}.Release|x64.Build.0 = Release|x64
		{38FFFEC1-A393-490C-9902-32566ECF22FA}.Debug|Win32.ActiveCfg = Debug|Win32
		{38FFFEC1-A393-490C-9902-32566ECF22FA}.Debug|Win32.Build.0 = Debug|Win32
		{38FFFEC1-A393-490C-9902-32566ECF22FA}.Debug|x64.ActiveCfg = Debug|x64
		{38FFFEC1-A393-490C-9902-32566ECF22FA}.Debug|x64.Build.0 = Debug|x64
		{38FFFEC1-A393-490C-9902-32566ECF22FA}.Release|Win32.ActiveCfg = Release|Win32
		{38FFFEC1-A393-490C-9902-32566ECF22FA}.Release|Win32.Build.0 = Release|Win32
		{38FFFEC1-A393-490C-9902-32566ECF22FA}.Release|x64.ActiveCfg = Release|x64
		{38FFFEC1-A393-490C-9902-32566ECF22FA}.Release|x64.Build.0 = Release|x64
		{1D870F5A-BD02-47B4-903E-E04E6D5659E0}.Debug|Win32.ActiveCfg = Debug|Win32
		{1D870F5A-BD02-47B4-903E-E04E6D5659E0}.Debug|Win32.Build.0 = Debug|Win32
		{1D870F5A-BD02-47B4-903E-E04E6D5659E0}.Debug|x64.ActiveCfg = Debug|x64
		{1D870F5A-BD02-47B4-903E-E04E6D5659E0}.Debug|x64.Build.0 = Debug|x64
		{1D870F5A-BD02-47B4-903E-E04E6D5659E0}.Release|Win32.ActiveCfg = Release|Win32
		{1D870F5A-BD02-47B4-903E-E04E6D5659E0}.Release|Win32.Build.0 = Release|Win32
		{1D870F5A-BD02-47B4-903E-E04E6D5659E0}.Release|x64.ActiveCfg = Release|x64
		{1D870F5A-BD02-47B4-903E-E04E6D5659E0}.Release|x64.Build.0 = Release|x64
		{1C411D12-B0DE-4782-ABCE-4ABB059B09FB}.Debug|Win32.ActiveCfg = Debug|Win32
		{1C411D12-B0DE-4782-ABCE-4ABB059B09FB}.Debug|Win32.Build.0 = Debug|Win32
		{1C411D12-B0DE-4782-ABCE-4ABB059B09FB}.Debug|x64.ActiveCfg = Debug|x64
		{1C411D12-B0DE-4782-ABCE-4ABB059B09FB}.Debug|x64.Build.0 = Debug|x64
		{1C411D12-B0DE-4782-ABCE-4ABB059B09FB}.Release|Win32.ActiveCfg = Release|Win32
		{1C411D12-B0DE-4782-ABCE-4ABB059B09FB}.Release|Win32.Build.0 = Release|Win32
		{1C411D12-B0DE-4782-ABCE-4ABB059B09FB}.Release|x64.ActiveCfg = Release|x64
		{1C411D12-B0DE-4782-ABCE-4ABB059B09FB}.Release|x64.Build.0 = Release|x64
		{D4E2199E-D038-45CD-911D-4113ED68EBE8}.Debug|Win32.ActiveCfg = Debug|Win32
		{D4E2199E-D038-45CD-911D-4113ED68EBE8}.Debug|Win32.Build.0 = Debug|Win32
		{D4E2199E-D038-45CD-911D-4113ED68EBE8}.Debug|x64.ActiveCfg = Debug|x64
		{D4E2199E-D038-45CD-911D-4113ED68EBE8}.Debug|x64.Build.0 = Debug|x64
		{D4E2199E-D038-45CD-911D-4113ED68EBE8}.Release|Win32.ActiveCfg = Release|Win32
		{D4E2199E-D038-45CD-911D-4113ED68EBE8}.Release|Win32.Build.0 = Release|Win32
		{D4E2199E-D038-45CD-911D-4113ED68EBE8}.Release|x64.ActiveCfg = Release|x64
		{D4E2199E-D038-45CD-911D-4113ED68EBE8}.Release|x64.Build.0 = Release|x64
		{B9F36586-C6BE-41C1-9E39-34ED68F13934}.Debug|Win32.ActiveCfg = Debug|Win32
		{B9F36586-C6BE-41C1-9E39-34ED68F13934}.Debug|Win32.Build.0 = Debug|Win32
		{B9F36586-C6BE-41C1-9E39-34ED68F13934}.Debug|x64.ActiveCfg = Debug|x64
		{B9F36586-C6BE-41C1-9E39-34ED68F13934}.Debug|x64.Build.0 = Debug|x64
		{B9F36586-C6BE-41C1-9E39-34ED68F13934}.Release|Win32.ActiveCfg = Release|Win32
		{B9F36586-C6BE-41C1-9E39-34ED68F13934}.Release|Win32.Build.0 = Release|Win32
		{B9F36586-C6BE-41C1-9E39-34ED68F13934}.Release|x64.ActiveCfg = Release|x64
		{B9F36586-C6BE-41C1-9E39-34ED68F13934}.Release|x64.Build.0 = Release|x64
		{2C44BD35-5837-46A0-A7E1-1B02AE3669FF}.Debug|Win32.ActiveCfg = Debug|Win32
		{2C44BD35-5837-46A0-A7E1-1B02AE3669FF}.Debug|Win32.Build.0 = Debug|Win32
		{2C44BD35-5837-46A0-A7E1-1B02AE3669FF}.Debug|x64.ActiveCfg = Debug|x64
		{2C44BD35-5837-46A0-A7E1-1B02AE3669FF}.Release|Win32.ActiveCfg = Release|Win32
		{2C44BD35-5837-46A0-A7E1-1B02AE3669FF}.Release|Win32.Build.0 = Release|Win32
		{2C44BD35-5837-46A0-A7E1-1B02AE3669FF}.Release|x64.ActiveCfg = Release|x64
		{2C44BD35-5837-46A0-A7E1-1B02AE3669FF}.Release|x64.Build.0 = Release|x64
		{7086A178-374D-41DA-A963-3893B68F6867}.Debug|Win32.ActiveCfg = Debug|Win32
		{7086A178-374D-41DA-A963-3893B68F6867}.Debug|Win32.Build.0 = Debug|Win32
		{7086A178-374D-41DA-A963-3893B68F6867}.Debug|x64.ActiveCfg = Debug|x64
		{7086A178-374D-41DA-A963-3893B68F6867}.Debug|x64.Build.0 = Debug|x64
		{7086A178-374D-41DA-A963-3893B68F6867}.Release|Win32.ActiveCfg = Release|Win32
		{7086A178-374D-41DA-A963-3893B68F6867}.Release|Win32.Build.0 = Release|Win32
		{7086A178-374D-41DA-A963-3893B68F6867}.Release|x64.ActiveCfg = Release|x64
		{7086A178-374D-41DA-A963-3893B68F6867}.Release|x64.Build.0 = Release|x64
		{2BD54EE4-F430-4CE8-89CD-695482F3CD8A}.Debug|Win32.ActiveCfg = Debug|Win32
		{2BD54EE4-F430-4CE8-89CD-695482F3CD8A}.Debug|Win32.Build.0 = Debug|Win32
		{2BD54EE4-F430-4CE8-89CD-695482F3CD8A}.Debug|x64.ActiveCfg = Debug|x64
		{2BD54EE4-F430-4CE8-89CD-695482F3CD8A}.Debug|x64.Build.0 = Debug|x64
		{2BD54EE4-F430-4CE8-89CD-695482F3CD8A}.Release|Win32.ActiveCfg = Release|Win32
		{2BD54EE4-F430-4CE8-89CD-695482F3CD8A}.Release|Win32.Build.0 = Release|Win32
		{2BD54EE4-F430-4CE8-89CD-695482F3CD8A}.Release|x64.ActiveCfg = Release|x64
		{2BD54EE4-F430-4CE8-89CD-695482F3CD8A}.Release|x64.Build.0 = Release|x64
	EndGlobalSection
	GlobalSection(SolutionProperties) = preSolution
		HideSolutionNode = FALSE
	EndGlobalSection
EndGlobal
