<?xml version="1.0" encoding="utf-8"?>
<Project ToolsVersion="4.0" xmlns="http://schemas.microsoft.com/developer/msbuild/2003">
  <ItemGroup>
    <Filter Include="Source Files">
      <UniqueIdentifier>{e609662d-523e-4877-81ad-8f53f9bfe604}</UniqueIdentifier>
    </Filter>
    <Filter Include="Resource Files">
      <UniqueIdentifier>{dcfe308c-053b-4d99-ab6e-4d136b7293d5}</UniqueIdentifier>
    </Filter>
    <Filter Include="Header Files">
      <UniqueIdentifier>{81c40718-76f9-4720-b6e5-4a333abcfb71}</UniqueIdentifier>
    </Filter>
  </ItemGroup>
  <ItemGroup>
    <ClCompile Include="seh_static_data_center_balance_svr_test\seh_static_data_center_balance_svr_test.cpp">
      <Filter>Source Files</Filter>
    </ClCompile>
    <ClCompile Include="seh_static_data_center_balance_svr_test\handler_reg.cpp">
      <Filter>Source Files</Filter>
    </ClCompile>
    <ClCompile Include="seh_static_data_center_balance_svr_test\protocol_reg.cpp">
      <Filter>Source Files</Filter>
    </ClCompile>
    <ClCompile Include="seh_static_data_center_balance_svr_test\calculator.cpp">
      <Filter>Source Files</Filter>
    </ClCompile>
    <ClCompile Include="seh_static_data_center_balance_svr_test\init_server.cpp">
      <Filter>Source Files</Filter>
    </ClCompile>
  </ItemGroup>
  <ItemGroup>
    <ClInclude Include="seh_static_data_center_balance_svr_test\calculator.hpp">
      <Filter>Header Files</Filter>
    </ClInclude>
    <ClInclude Include="seh_static_data_center_balance_svr_test\config.hpp">
      <Filter>Header Files</Filter>
    </ClInclude>
    <ClInclude Include="seh_static_data_center_balance_svr_test\handler_reg.hpp">
      <Filter>Header Files</Filter>
    </ClInclude>
    <ClInclude Include="seh_static_data_center_balance_svr_test\protocol_reg.hpp">
      <Filter>Header Files</Filter>
    </ClInclude>
    <ClInclude Include="seh_static_data_center_balance_svr_test\init_server.hpp">
      <Filter>Header Files</Filter>
    </ClInclude>
  </ItemGroup>
</Project>