// !$*UTF8*$!
{
	archiveVersion = 1;
	classes = {
	};
	objectVersion = 46;
	objects = {

/* Begin PBXBuildFile section */
		D25E1C591AD952B900BAC0F7 /* blowfish_exception.cpp in Sources */ = {isa = PBXBuildFile; fileRef = D25E1C571AD952B900BAC0F7 /* blowfish_exception.cpp */; };
		D296A035198C674500FA3ABF /* BlowFish.cpp in Sources */ = {isa = PBXBuildFile; fileRef = D296A034198C674500FA3ABF /* BlowFish.cpp */; };
/* End PBXBuildFile section */

/* Begin PBXCopyFilesBuildPhase section */
		D296A006198C666A00FA3ABF /* CopyFiles */ = {
			isa = PBXCopyFilesBuildPhase;
			buildActionMask = 2147483647;
			dstPath = "include/$(PRODUCT_NAME)";
			dstSubfolderSpec = 16;
			files = (
			);
			runOnlyForDeploymentPostprocessing = 0;
		};
/* End PBXCopyFilesBuildPhase section */

/* Begin PBXFileReference section */
		D25E1C561AD952A700BAC0F7 /* libblowfish-ios.a */ = {isa = PBXFileReference; explicitFileType = archive.ar; includeInIndex = 0; path = "libblowfish-ios.a"; sourceTree = BUILT_PRODUCTS_DIR; };
		D25E1C571AD952B900BAC0F7 /* blowfish_exception.cpp */ = {isa = PBXFileReference; fileEncoding = 4; lastKnownFileType = sourcecode.cpp.cpp; path = blowfish_exception.cpp; sourceTree = "<group>"; };
		D25E1C581AD952B900BAC0F7 /* blowfish_exception.hpp */ = {isa = PBXFileReference; fileEncoding = 4; lastKnownFileType = sourcecode.cpp.h; path = blowfish_exception.hpp; sourceTree = "<group>"; };
		D296A033198C674500FA3ABF /* Blowfish.h */ = {isa = PBXFileReference; fileEncoding = 4; lastKnownFileType = sourcecode.c.h; path = Blowfish.h; sourceTree = "<group>"; };
		D296A034198C674500FA3ABF /* BlowFish.cpp */ = {isa = PBXFileReference; fileEncoding = 4; lastKnownFileType = sourcecode.cpp.cpp; path = BlowFish.cpp; sourceTree = "<group>"; };
		D296A036198C674D00FA3ABF /* blowfish-ios-Prefix.pch */ = {isa = PBXFileReference; fileEncoding = 4; lastKnownFileType = sourcecode.c.h; name = "blowfish-ios-Prefix.pch"; path = "blowfish-ios/blowfish-ios-Prefix.pch"; sourceTree = "<group>"; };
/* End PBXFileReference section */

/* Begin PBXFrameworksBuildPhase section */
		D296A005198C666A00FA3ABF /* Frameworks */ = {
			isa = PBXFrameworksBuildPhase;
			buildActionMask = 2147483647;
			files = (
			);
			runOnlyForDeploymentPostprocessing = 0;
		};
/* End PBXFrameworksBuildPhase section */

/* Begin PBXGroup section */
		D2969FFF198C666A00FA3ABF = {
			isa = PBXGroup;
			children = (
				D296A036198C674D00FA3ABF /* blowfish-ios-Prefix.pch */,
				D296A032198C672B00FA3ABF /* blowfish-ios */,
				D296A00A198C666A00FA3ABF /* Frameworks */,
				D25E1C561AD952A700BAC0F7 /* libblowfish-ios.a */,
			);
			sourceTree = "<group>";
		};
		D296A00A198C666A00FA3ABF /* Frameworks */ = {
			isa = PBXGroup;
			children = (
			);
			name = Frameworks;
			sourceTree = "<group>";
		};
		D296A032198C672B00FA3ABF /* blowfish-ios */ = {
			isa = PBXGroup;
			children = (
				D25E1C571AD952B900BAC0F7 /* blowfish_exception.cpp */,
				D25E1C581AD952B900BAC0F7 /* blowfish_exception.hpp */,
				D296A033198C674500FA3ABF /* Blowfish.h */,
				D296A034198C674500FA3ABF /* BlowFish.cpp */,
			);
			name = "blowfish-ios";
			sourceTree = "<group>";
		};
/* End PBXGroup section */

/* Begin PBXNativeTarget section */
		D296A007198C666A00FA3ABF /* blowfish-ios */ = {
			isa = PBXNativeTarget;
			buildConfigurationList = D296A02B198C666A00FA3ABF /* Build configuration list for PBXNativeTarget "blowfish-ios" */;
			buildPhases = (
				D296A004198C666A00FA3ABF /* Sources */,
				D296A005198C666A00FA3ABF /* Frameworks */,
				D296A006198C666A00FA3ABF /* CopyFiles */,
			);
			buildRules = (
			);
			dependencies = (
			);
			name = "blowfish-ios";
			productName = "blowfish-ios";
			productReference = D25E1C561AD952A700BAC0F7 /* libblowfish-ios.a */;
			productType = "com.apple.product-type.library.static";
		};
/* End PBXNativeTarget section */

/* Begin PBXProject section */
		D296A000198C666A00FA3ABF /* Project object */ = {
			isa = PBXProject;
			attributes = {
				LastUpgradeCheck = 0510;
				ORGANIZATIONNAME = yggdrasil;
			};
			buildConfigurationList = D296A003198C666A00FA3ABF /* Build configuration list for PBXProject "blowfish-ios" */;
			compatibilityVersion = "Xcode 3.2";
			developmentRegion = English;
			hasScannedForEncodings = 0;
			knownRegions = (
				en,
			);
			mainGroup = D2969FFF198C666A00FA3ABF;
			productRefGroup = D2969FFF198C666A00FA3ABF;
			projectDirPath = "";
			projectRoot = "";
			targets = (
				D296A007198C666A00FA3ABF /* blowfish-ios */,
			);
		};
/* End PBXProject section */

/* Begin PBXSourcesBuildPhase section */
		D296A004198C666A00FA3ABF /* Sources */ = {
			isa = PBXSourcesBuildPhase;
			buildActionMask = 2147483647;
			files = (
				D296A035198C674500FA3ABF /* BlowFish.cpp in Sources */,
				D25E1C591AD952B900BAC0F7 /* blowfish_exception.cpp in Sources */,
			);
			runOnlyForDeploymentPostprocessing = 0;
		};
/* End PBXSourcesBuildPhase section */

/* Begin XCBuildConfiguration section */
		D296A029198C666A00FA3ABF /* Debug */ = {
			isa = XCBuildConfiguration;
			buildSettings = {
				ALWAYS_SEARCH_USER_PATHS = NO;
				CLANG_CXX_LANGUAGE_STANDARD = "gnu++0x";
				CLANG_CXX_LIBRARY = "libstdc++";
				CLANG_ENABLE_MODULES = YES;
				CLANG_ENABLE_OBJC_ARC = YES;
				CLANG_WARN_BOOL_CONVERSION = YES;
				CLANG_WARN_CONSTANT_CONVERSION = YES;
				CLANG_WARN_DIRECT_OBJC_ISA_USAGE = YES_ERROR;
				CLANG_WARN_EMPTY_BODY = YES;
				CLANG_WARN_ENUM_CONVERSION = YES;
				CLANG_WARN_INT_CONVERSION = YES;
				CLANG_WARN_OBJC_ROOT_CLASS = YES_ERROR;
				CLANG_WARN__DUPLICATE_METHOD_MATCH = YES;
				COPY_PHASE_STRIP = NO;
				ENABLE_NS_ASSERTIONS = NO;
				GCC_C_LANGUAGE_STANDARD = gnu99;
				GCC_DYNAMIC_NO_PIC = NO;
				GCC_OPTIMIZATION_LEVEL = 0;
				GCC_PREPROCESSOR_DEFINITIONS = (
					"DEBUG=1",
					"$(inherited)",
				);
				GCC_SYMBOLS_PRIVATE_EXTERN = NO;
				GCC_WARN_64_TO_32_BIT_CONVERSION = YES;
				GCC_WARN_ABOUT_RETURN_TYPE = YES_ERROR;
				GCC_WARN_UNDECLARED_SELECTOR = YES;
				GCC_WARN_UNINITIALIZED_AUTOS = YES_AGGRESSIVE;
				GCC_WARN_UNUSED_FUNCTION = YES;
				GCC_WARN_UNUSED_VARIABLE = YES;
				IPHONEOS_DEPLOYMENT_TARGET = 5.1;
				ONLY_ACTIVE_ARCH = NO;
				SDKROOT = iphoneos;
				STRIP_STYLE = all;
				TARGETED_DEVICE_FAMILY = "1,2";
				VALID_ARCHS = "arm64 armv7 armv7s";
			};
			name = Debug;
		};
		D296A02A198C666A00FA3ABF /* Release */ = {
			isa = XCBuildConfiguration;
			buildSettings = {
				ALWAYS_SEARCH_USER_PATHS = NO;
				CLANG_CXX_LANGUAGE_STANDARD = "gnu++0x";
				CLANG_CXX_LIBRARY = "libstdc++";
				CLANG_ENABLE_MODULES = YES;
				CLANG_ENABLE_OBJC_ARC = YES;
				CLANG_WARN_BOOL_CONVERSION = YES;
				CLANG_WARN_CONSTANT_CONVERSION = YES;
				CLANG_WARN_DIRECT_OBJC_ISA_USAGE = YES_ERROR;
				CLANG_WARN_EMPTY_BODY = YES;
				CLANG_WARN_ENUM_CONVERSION = YES;
				CLANG_WARN_INT_CONVERSION = YES;
				CLANG_WARN_OBJC_ROOT_CLASS = YES_ERROR;
				CLANG_WARN__DUPLICATE_METHOD_MATCH = YES;
				COPY_PHASE_STRIP = YES;
				ENABLE_NS_ASSERTIONS = YES;
				GCC_C_LANGUAGE_STANDARD = gnu99;
				GCC_OPTIMIZATION_LEVEL = 3;
				GCC_WARN_64_TO_32_BIT_CONVERSION = YES;
				GCC_WARN_ABOUT_RETURN_TYPE = YES_ERROR;
				GCC_WARN_UNDECLARED_SELECTOR = YES;
				GCC_WARN_UNINITIALIZED_AUTOS = YES_AGGRESSIVE;
				GCC_WARN_UNUSED_FUNCTION = YES;
				GCC_WARN_UNUSED_VARIABLE = YES;
				IPHONEOS_DEPLOYMENT_TARGET = 5.1;
				ONLY_ACTIVE_ARCH = YES;
				SDKROOT = iphoneos;
				STRIP_STYLE = all;
				TARGETED_DEVICE_FAMILY = "1,2";
				VALIDATE_PRODUCT = YES;
				VALID_ARCHS = "arm64 armv7 armv7s";
			};
			name = Release;
		};
		D296A02C198C666A00FA3ABF /* Debug */ = {
			isa = XCBuildConfiguration;
			buildSettings = {
				DSTROOT = /tmp/blowfish_ios.dst;
				FRAMEWORK_SEARCH_PATHS = (
					"$(inherited)",
					"$(DEVELOPER_FRAMEWORKS_DIR)",
				);
				GCC_PRECOMPILE_PREFIX_HEADER = YES;
				GCC_PREFIX_HEADER = "blowfish-ios/blowfish-ios-Prefix.pch";
				OTHER_LDFLAGS = "-ObjC";
				PRODUCT_NAME = "$(TARGET_NAME)";
				SDKROOT = iphoneos;
				SKIP_INSTALL = YES;
				VALID_ARCHS = "arm64 armv7 armv7s";
			};
			name = Debug;
		};
		D296A02D198C666A00FA3ABF /* Release */ = {
			isa = XCBuildConfiguration;
			buildSettings = {
				DSTROOT = /tmp/blowfish_ios.dst;
				FRAMEWORK_SEARCH_PATHS = (
					"$(inherited)",
					"$(DEVELOPER_FRAMEWORKS_DIR)",
				);
				GCC_PRECOMPILE_PREFIX_HEADER = YES;
				GCC_PREFIX_HEADER = "blowfish-ios/blowfish-ios-Prefix.pch";
				OTHER_LDFLAGS = "-ObjC";
				PRODUCT_NAME = "$(TARGET_NAME)";
				SDKROOT = iphoneos;
				SKIP_INSTALL = YES;
				VALID_ARCHS = "arm64 armv7 armv7s";
			};
			name = Release;
		};
/* End XCBuildConfiguration section */

/* Begin XCConfigurationList section */
		D296A003198C666A00FA3ABF /* Build configuration list for PBXProject "blowfish-ios" */ = {
			isa = XCConfigurationList;
			buildConfigurations = (
				D296A029198C666A00FA3ABF /* Debug */,
				D296A02A198C666A00FA3ABF /* Release */,
			);
			defaultConfigurationIsVisible = 0;
			defaultConfigurationName = Release;
		};
		D296A02B198C666A00FA3ABF /* Build configuration list for PBXNativeTarget "blowfish-ios" */ = {
			isa = XCConfigurationList;
			buildConfigurations = (
				D296A02C198C666A00FA3ABF /* Debug */,
				D296A02D198C666A00FA3ABF /* Release */,
			);
			defaultConfigurationIsVisible = 0;
			defaultConfigurationName = Release;
		};
/* End XCConfigurationList section */
	};
	rootObject = D296A000198C666A00FA3ABF /* Project object */;
}
