<?xml version="1.0" encoding="utf-8"?>
<CodeBlocks_project_file>
	<FileVersion major="1" minor="6"/>
	<Project>
		<Option title="include"/>
		<Option pch_mode="2"/>
		<Option compiler="gcc"/>
		<Build>
			<Target title="Debug-Win32">
				<Option type="4"/>
				<Option compiler="gnu_gcc32_compiler"/>
				<Option projectLinkerOptionsRelation="2"/>
				<Compiler>
					<Add option="-m32"/>
					<Add option="-O0"/>
					<Add option="-g"/>
					<Add option="-Werror=unused-variable"/>
				</Compiler>
				<Linker>
					<Add option="-m32"/>
				</Linker>
			</Target>
			<Target title="Release-Win32">
				<Option type="4"/>
				<Option compiler="gnu_gcc32_compiler"/>
				<Option projectLinkerOptionsRelation="2"/>
				<Compiler>
					<Add option="-m32"/>
					<Add option="-O3"/>
				</Compiler>
				<Linker>
					<Add option="-m32"/>
					<Add option="-s"/>
				</Linker>
			</Target>
			<Target title="Debug-x64">
				<Option type="4"/>
				<Option compiler="gcc"/>
				<Option projectLinkerOptionsRelation="2"/>
				<Compiler>
					<Add option="-m64"/>
					<Add option="-O0"/>
					<Add option="-g"/>
					<Add option="-Werror=unused-variable"/>
				</Compiler>
				<Linker>
					<Add option="-m64"/>
				</Linker>
			</Target>
			<Target title="Release-x64">
				<Option type="4"/>
				<Option compiler="gcc"/>
				<Option projectLinkerOptionsRelation="2"/>
				<Compiler>
					<Add option="-m64"/>
					<Add option="-O3"/>
				</Compiler>
				<Linker>
					<Add option="-m64"/>
					<Add option="-s"/>
				</Linker>
			</Target>
		</Build>
		<VirtualTargets>
			<Add alias="all" targets="NIL;"/>
			<Add alias="all_libonly" targets="NIL;"/>
		</VirtualTargets>
		<Compiler>
			<Add option="-Wall"/>
			<Add option="-std=c++03"/>
			<Add option="-fexceptions"/>
			<Add option="-Wno-sign-compare"/>
			<Add option="-Wno-comment"/>
			<Add option="-Wno-enum-compare"/>
			<Add option="-Wno-unused-local-typedefs"/>
			<Add option="-Wno-multichar"/>
			<Add option="-Werror=return-type"/>
			<Add option="-Werror=endif-labels"/>
			<Add option="-fdata-sections"/>
			<Add option="-ffunction-sections"/>
			<Add option="-fno-strict-aliasing"/>
			<Add option="-Werror=reorder"/>
			<Add option="-ftemplate-backtrace-limit=0"/>
		</Compiler>
		<Unit filename="bson/bcon.h"/>
		<Unit filename="bson/bson-atomic.h"/>
		<Unit filename="bson/bson-clock.h"/>
		<Unit filename="bson/bson-cmp.h"/>
		<Unit filename="bson/bson-compat.h"/>
		<Unit filename="bson/bson-config.h"/>
		<Unit filename="bson/bson-context-private.h"/>
		<Unit filename="bson/bson-context.h"/>
		<Unit filename="bson/bson-decimal128.h"/>
		<Unit filename="bson/bson-endian.h"/>
		<Unit filename="bson/bson-error.h"/>
		<Unit filename="bson/bson-iso8601-private.h"/>
		<Unit filename="bson/bson-iter.h"/>
		<Unit filename="bson/bson-json-private.h"/>
		<Unit filename="bson/bson-json.h"/>
		<Unit filename="bson/bson-keys.h"/>
		<Unit filename="bson/bson-macros.h"/>
		<Unit filename="bson/bson-md5.h"/>
		<Unit filename="bson/bson-memory.h"/>
		<Unit filename="bson/bson-oid.h"/>
		<Unit filename="bson/bson-prelude.h"/>
		<Unit filename="bson/bson-private.h"/>
		<Unit filename="bson/bson-reader.h"/>
		<Unit filename="bson/bson-string.h"/>
		<Unit filename="bson/bson-timegm-private.h"/>
		<Unit filename="bson/bson-types.h"/>
		<Unit filename="bson/bson-utf8.h"/>
		<Unit filename="bson/bson-value.h"/>
		<Unit filename="bson/bson-version-functions.h"/>
		<Unit filename="bson/bson-version.h"/>
		<Unit filename="bson/bson-writer.h"/>
		<Unit filename="bson/bson.h"/>
		<Unit filename="common/bson-dsl.h"/>
		<Unit filename="common/common-b64-private.h"/>
		<Unit filename="common/common-config.h"/>
		<Unit filename="common/common-macros-private.h"/>
		<Unit filename="common/common-md5-private.h"/>
		<Unit filename="common/common-prelude.h"/>
		<Unit filename="common/common-thread-private.h"/>
		<Unit filename="jsonsl/jsonsl.h"/>
		<Unit filename="kms_message/hexlify.h"/>
		<Unit filename="kms_message/kms_crypto.h"/>
		<Unit filename="kms_message/kms_endian_private.h"/>
		<Unit filename="kms_message/kms_kmip_item_type_private.h"/>
		<Unit filename="kms_message/kms_kmip_reader_writer_private.h"/>
		<Unit filename="kms_message/kms_kmip_response_parser_private.h"/>
		<Unit filename="kms_message/kms_kmip_result_reason_private.h"/>
		<Unit filename="kms_message/kms_kmip_result_status_private.h"/>
		<Unit filename="kms_message/kms_kmip_tag_type_private.h"/>
		<Unit filename="kms_message/kms_kv_list.h"/>
		<Unit filename="kms_message/kms_message/kms_azure_request.h"/>
		<Unit filename="kms_message/kms_message/kms_b64.h"/>
		<Unit filename="kms_message/kms_message/kms_caller_identity_request.h"/>
		<Unit filename="kms_message/kms_message/kms_decrypt_request.h"/>
		<Unit filename="kms_message/kms_message/kms_encrypt_request.h"/>
		<Unit filename="kms_message/kms_message/kms_gcp_request.h"/>
		<Unit filename="kms_message/kms_message/kms_kmip_request.h"/>
		<Unit filename="kms_message/kms_message/kms_kmip_response.h"/>
		<Unit filename="kms_message/kms_message/kms_kmip_response_parser.h"/>
		<Unit filename="kms_message/kms_message/kms_message.h"/>
		<Unit filename="kms_message/kms_message/kms_message_defines.h"/>
		<Unit filename="kms_message/kms_message/kms_message_user_config.h"/>
		<Unit filename="kms_message/kms_message/kms_request.h"/>
		<Unit filename="kms_message/kms_message/kms_request_opt.h"/>
		<Unit filename="kms_message/kms_message/kms_response.h"/>
		<Unit filename="kms_message/kms_message/kms_response_parser.h"/>
		<Unit filename="kms_message/kms_message_private.h"/>
		<Unit filename="kms_message/kms_port.h"/>
		<Unit filename="kms_message/kms_request_opt_private.h"/>
		<Unit filename="kms_message/kms_request_str.h"/>
		<Unit filename="kms_message/sort.h"/>
		<Unit filename="mongo_crypt/v1/mongo_crypt/mongo_crypt.h"/>
		<Unit filename="mongoc/mcd-azure.h"/>
		<Unit filename="mongoc/mcd-integer.h"/>
		<Unit filename="mongoc/mcd-rpc.h"/>
		<Unit filename="mongoc/mcd-time.h"/>
		<Unit filename="mongoc/mongoc-aggregate-private.h"/>
		<Unit filename="mongoc/mongoc-apm-private.h"/>
		<Unit filename="mongoc/mongoc-apm.h"/>
		<Unit filename="mongoc/mongoc-array-private.h"/>
		<Unit filename="mongoc/mongoc-async-cmd-private.h"/>
		<Unit filename="mongoc/mongoc-async-private.h"/>
		<Unit filename="mongoc/mongoc-buffer-private.h"/>
		<Unit filename="mongoc/mongoc-bulk-operation-private.h"/>
		<Unit filename="mongoc/mongoc-bulk-operation.h"/>
		<Unit filename="mongoc/mongoc-change-stream-private.h"/>
		<Unit filename="mongoc/mongoc-change-stream.h"/>
		<Unit filename="mongoc/mongoc-client-pool-private.h"/>
		<Unit filename="mongoc/mongoc-client-pool.h"/>
		<Unit filename="mongoc/mongoc-client-private.h"/>
		<Unit filename="mongoc/mongoc-client-session-private.h"/>
		<Unit filename="mongoc/mongoc-client-session.h"/>
		<Unit filename="mongoc/mongoc-client-side-encryption-private.h"/>
		<Unit filename="mongoc/mongoc-client-side-encryption.h"/>
		<Unit filename="mongoc/mongoc-client.h"/>
		<Unit filename="mongoc/mongoc-cluster-aws-private.h"/>
		<Unit filename="mongoc/mongoc-cluster-cyrus-private.h"/>
		<Unit filename="mongoc/mongoc-cluster-private.h"/>
		<Unit filename="mongoc/mongoc-cluster-sasl-private.h"/>
		<Unit filename="mongoc/mongoc-cluster-sspi-private.h"/>
		<Unit filename="mongoc/mongoc-cmd-private.h"/>
		<Unit filename="mongoc/mongoc-collection-private.h"/>
		<Unit filename="mongoc/mongoc-collection.h"/>
		<Unit filename="mongoc/mongoc-compression-private.h"/>
		<Unit filename="mongoc/mongoc-config.h"/>
		<Unit filename="mongoc/mongoc-counters-private.h"/>
		<Unit filename="mongoc/mongoc-counters.defs"/>
		<Unit filename="mongoc/mongoc-crypt-private.h"/>
		<Unit filename="mongoc/mongoc-crypto-cng-private.h"/>
		<Unit filename="mongoc/mongoc-crypto-common-crypto-private.h"/>
		<Unit filename="mongoc/mongoc-crypto-openssl-private.h"/>
		<Unit filename="mongoc/mongoc-crypto-private.h"/>
		<Unit filename="mongoc/mongoc-cursor-private.h"/>
		<Unit filename="mongoc/mongoc-cursor.h"/>
		<Unit filename="mongoc/mongoc-cyrus-private.h"/>
		<Unit filename="mongoc/mongoc-database-private.h"/>
		<Unit filename="mongoc/mongoc-database.h"/>
		<Unit filename="mongoc/mongoc-deprioritized-servers-private.h"/>
		<Unit filename="mongoc/mongoc-errno-private.h"/>
		<Unit filename="mongoc/mongoc-error-private.h"/>
		<Unit filename="mongoc/mongoc-error.h"/>
		<Unit filename="mongoc/mongoc-find-and-modify-private.h"/>
		<Unit filename="mongoc/mongoc-find-and-modify.h"/>
		<Unit filename="mongoc/mongoc-flags-private.h"/>
		<Unit filename="mongoc/mongoc-flags.h"/>
		<Unit filename="mongoc/mongoc-generation-map-private.h"/>
		<Unit filename="mongoc/mongoc-gridfs-bucket-file-private.h"/>
		<Unit filename="mongoc/mongoc-gridfs-bucket-private.h"/>
		<Unit filename="mongoc/mongoc-gridfs-bucket.h"/>
		<Unit filename="mongoc/mongoc-gridfs-file-list-private.h"/>
		<Unit filename="mongoc/mongoc-gridfs-file-list.h"/>
		<Unit filename="mongoc/mongoc-gridfs-file-page-private.h"/>
		<Unit filename="mongoc/mongoc-gridfs-file-page.h"/>
		<Unit filename="mongoc/mongoc-gridfs-file-private.h"/>
		<Unit filename="mongoc/mongoc-gridfs-file.h"/>
		<Unit filename="mongoc/mongoc-gridfs-private.h"/>
		<Unit filename="mongoc/mongoc-gridfs.h"/>
		<Unit filename="mongoc/mongoc-handshake-compiler-private.h"/>
		<Unit filename="mongoc/mongoc-handshake-os-private.h"/>
		<Unit filename="mongoc/mongoc-handshake-private.h"/>
		<Unit filename="mongoc/mongoc-handshake.h"/>
		<Unit filename="mongoc/mongoc-host-list-private.h"/>
		<Unit filename="mongoc/mongoc-host-list.h"/>
		<Unit filename="mongoc/mongoc-http-private.h"/>
		<Unit filename="mongoc/mongoc-index.h"/>
		<Unit filename="mongoc/mongoc-init.h"/>
		<Unit filename="mongoc/mongoc-interrupt-private.h"/>
		<Unit filename="mongoc/mongoc-iovec.h"/>
		<Unit filename="mongoc/mongoc-libressl-private.h"/>
		<Unit filename="mongoc/mongoc-linux-distro-scanner-private.h"/>
		<Unit filename="mongoc/mongoc-list-private.h"/>
		<Unit filename="mongoc/mongoc-log-private.h"/>
		<Unit filename="mongoc/mongoc-log.h"/>
		<Unit filename="mongoc/mongoc-macros.h"/>
		<Unit filename="mongoc/mongoc-matcher-op-private.h"/>
		<Unit filename="mongoc/mongoc-matcher-private.h"/>
		<Unit filename="mongoc/mongoc-matcher.h"/>
		<Unit filename="mongoc/mongoc-memcmp-private.h"/>
		<Unit filename="mongoc/mongoc-ocsp-cache-private.h"/>
		<Unit filename="mongoc/mongoc-opcode.h"/>
		<Unit filename="mongoc/mongoc-openssl-private.h"/>
		<Unit filename="mongoc/mongoc-optional.h"/>
		<Unit filename="mongoc/mongoc-opts-helpers-private.h"/>
		<Unit filename="mongoc/mongoc-opts-private.h"/>
		<Unit filename="mongoc/mongoc-prelude.h"/>
		<Unit filename="mongoc/mongoc-queue-private.h"/>
		<Unit filename="mongoc/mongoc-rand-private.h"/>
		<Unit filename="mongoc/mongoc-rand.h"/>
		<Unit filename="mongoc/mongoc-read-concern-private.h"/>
		<Unit filename="mongoc/mongoc-read-concern.h"/>
		<Unit filename="mongoc/mongoc-read-prefs-private.h"/>
		<Unit filename="mongoc/mongoc-read-prefs.h"/>
		<Unit filename="mongoc/mongoc-rpc-private.h"/>
		<Unit filename="mongoc/mongoc-sasl-private.h"/>
		<Unit filename="mongoc/mongoc-scram-private.h"/>
		<Unit filename="mongoc/mongoc-secure-channel-private.h"/>
		<Unit filename="mongoc/mongoc-secure-transport-private.h"/>
		<Unit filename="mongoc/mongoc-server-api-private.h"/>
		<Unit filename="mongoc/mongoc-server-api.h"/>
		<Unit filename="mongoc/mongoc-server-description-private.h"/>
		<Unit filename="mongoc/mongoc-server-description.h"/>
		<Unit filename="mongoc/mongoc-server-monitor-private.h"/>
		<Unit filename="mongoc/mongoc-server-stream-private.h"/>
		<Unit filename="mongoc/mongoc-set-private.h"/>
		<Unit filename="mongoc/mongoc-shared-private.h"/>
		<Unit filename="mongoc/mongoc-sleep.h"/>
		<Unit filename="mongoc/mongoc-socket-private.h"/>
		<Unit filename="mongoc/mongoc-socket.h"/>
		<Unit filename="mongoc/mongoc-ssl-private.h"/>
		<Unit filename="mongoc/mongoc-ssl.h"/>
		<Unit filename="mongoc/mongoc-sspi-private.h"/>
		<Unit filename="mongoc/mongoc-stream-buffered.h"/>
		<Unit filename="mongoc/mongoc-stream-file.h"/>
		<Unit filename="mongoc/mongoc-stream-gridfs-download-private.h"/>
		<Unit filename="mongoc/mongoc-stream-gridfs-upload-private.h"/>
		<Unit filename="mongoc/mongoc-stream-gridfs.h"/>
		<Unit filename="mongoc/mongoc-stream-private.h"/>
		<Unit filename="mongoc/mongoc-stream-socket.h"/>
		<Unit filename="mongoc/mongoc-stream-tls-libressl-private.h"/>
		<Unit filename="mongoc/mongoc-stream-tls-libressl.h"/>
		<Unit filename="mongoc/mongoc-stream-tls-openssl-bio-private.h"/>
		<Unit filename="mongoc/mongoc-stream-tls-openssl-private.h"/>
		<Unit filename="mongoc/mongoc-stream-tls-openssl.h"/>
		<Unit filename="mongoc/mongoc-stream-tls-private.h"/>
		<Unit filename="mongoc/mongoc-stream-tls-secure-channel-private.h"/>
		<Unit filename="mongoc/mongoc-stream-tls-secure-channel.h"/>
		<Unit filename="mongoc/mongoc-stream-tls-secure-transport-private.h"/>
		<Unit filename="mongoc/mongoc-stream-tls-secure-transport.h"/>
		<Unit filename="mongoc/mongoc-stream-tls.h"/>
		<Unit filename="mongoc/mongoc-stream.h"/>
		<Unit filename="mongoc/mongoc-thread-private.h"/>
		<Unit filename="mongoc/mongoc-timeout-private.h"/>
		<Unit filename="mongoc/mongoc-topology-background-monitoring-private.h"/>
		<Unit filename="mongoc/mongoc-topology-description-apm-private.h"/>
		<Unit filename="mongoc/mongoc-topology-description-private.h"/>
		<Unit filename="mongoc/mongoc-topology-description.h"/>
		<Unit filename="mongoc/mongoc-topology-private.h"/>
		<Unit filename="mongoc/mongoc-topology-scanner-private.h"/>
		<Unit filename="mongoc/mongoc-trace-private.h"/>
		<Unit filename="mongoc/mongoc-ts-pool-private.h"/>
		<Unit filename="mongoc/mongoc-uri-private.h"/>
		<Unit filename="mongoc/mongoc-uri.h"/>
		<Unit filename="mongoc/mongoc-util-private.h"/>
		<Unit filename="mongoc/mongoc-version-functions.h"/>
		<Unit filename="mongoc/mongoc-version.h"/>
		<Unit filename="mongoc/mongoc-write-command-private.h"/>
		<Unit filename="mongoc/mongoc-write-concern-private.h"/>
		<Unit filename="mongoc/mongoc-write-concern.h"/>
		<Unit filename="mongoc/mongoc.h"/>
		<Unit filename="mongoc/service-gcp.h"/>
		<Unit filename="mongoc/utlist.h"/>
		<Unit filename="mongocrypt/mc-array-private.h"/>
		<Unit filename="mongocrypt/mc-check-conversions-private.h"/>
		<Unit filename="mongocrypt/mc-dec128.h"/>
		<Unit filename="mongocrypt/mc-efc-private.h"/>
		<Unit filename="mongocrypt/mc-fle-blob-subtype-private.h"/>
		<Unit filename="mongocrypt/mc-fle2-encryption-placeholder-private.h"/>
		<Unit filename="mongocrypt/mc-fle2-find-equality-payload-private-v2.h"/>
		<Unit filename="mongocrypt/mc-fle2-find-equality-payload-private.h"/>
		<Unit filename="mongocrypt/mc-fle2-find-range-payload-private-v2.h"/>
		<Unit filename="mongocrypt/mc-fle2-find-range-payload-private.h"/>
		<Unit filename="mongocrypt/mc-fle2-insert-update-payload-private-v2.h"/>
		<Unit filename="mongocrypt/mc-fle2-insert-update-payload-private.h"/>
		<Unit filename="mongocrypt/mc-fle2-payload-iev-private-v2.h"/>
		<Unit filename="mongocrypt/mc-fle2-payload-iev-private.h"/>
		<Unit filename="mongocrypt/mc-fle2-payload-uev-common-private.h"/>
		<Unit filename="mongocrypt/mc-fle2-payload-uev-private.h"/>
		<Unit filename="mongocrypt/mc-fle2-payload-uev-v2-private.h"/>
		<Unit filename="mongocrypt/mc-fle2-range-operator-private.h"/>
		<Unit filename="mongocrypt/mc-fle2-rfds-private.h"/>
		<Unit filename="mongocrypt/mc-optional-private.h"/>
		<Unit filename="mongocrypt/mc-range-edge-generation-private.h"/>
		<Unit filename="mongocrypt/mc-range-encoding-private.h"/>
		<Unit filename="mongocrypt/mc-range-mincover-generator.template.h"/>
		<Unit filename="mongocrypt/mc-range-mincover-private.h"/>
		<Unit filename="mongocrypt/mc-rangeopts-private.h"/>
		<Unit filename="mongocrypt/mc-reader-private.h"/>
		<Unit filename="mongocrypt/mc-tokens-private.h"/>
		<Unit filename="mongocrypt/mc-writer-private.h"/>
		<Unit filename="mongocrypt/mlib/check.hpp"/>
		<Unit filename="mongocrypt/mlib/endian.h"/>
		<Unit filename="mongocrypt/mlib/error.h"/>
		<Unit filename="mongocrypt/mlib/int128.h"/>
		<Unit filename="mongocrypt/mlib/macros.h"/>
		<Unit filename="mongocrypt/mlib/path.h"/>
		<Unit filename="mongocrypt/mlib/str.h"/>
		<Unit filename="mongocrypt/mlib/thread.h"/>
		<Unit filename="mongocrypt/mlib/user-check.h"/>
		<Unit filename="mongocrypt/mlib/windows-lean.h"/>
		<Unit filename="mongocrypt/mongo_crypt-v1.h"/>
		<Unit filename="mongocrypt/mongocrypt-binary-private.h"/>
		<Unit filename="mongocrypt/mongocrypt-buffer-private.h"/>
		<Unit filename="mongocrypt/mongocrypt-cache-collinfo-private.h"/>
		<Unit filename="mongocrypt/mongocrypt-cache-key-private.h"/>
		<Unit filename="mongocrypt/mongocrypt-cache-oauth-private.h"/>
		<Unit filename="mongocrypt/mongocrypt-cache-private.h"/>
		<Unit filename="mongocrypt/mongocrypt-ciphertext-private.h"/>
		<Unit filename="mongocrypt/mongocrypt-compat.h"/>
		<Unit filename="mongocrypt/mongocrypt-config.h"/>
		<Unit filename="mongocrypt/mongocrypt-crypto-private.h"/>
		<Unit filename="mongocrypt/mongocrypt-ctx-private.h"/>
		<Unit filename="mongocrypt/mongocrypt-dll-private.h"/>
		<Unit filename="mongocrypt/mongocrypt-endian-private.h"/>
		<Unit filename="mongocrypt/mongocrypt-endpoint-private.h"/>
		<Unit filename="mongocrypt/mongocrypt-export.h"/>
		<Unit filename="mongocrypt/mongocrypt-kek-private.h"/>
		<Unit filename="mongocrypt/mongocrypt-key-broker-private.h"/>
		<Unit filename="mongocrypt/mongocrypt-key-private.h"/>
		<Unit filename="mongocrypt/mongocrypt-kms-ctx-private.h"/>
		<Unit filename="mongocrypt/mongocrypt-log-private.h"/>
		<Unit filename="mongocrypt/mongocrypt-marking-private.h"/>
		<Unit filename="mongocrypt/mongocrypt-mutex-private.h"/>
		<Unit filename="mongocrypt/mongocrypt-opts-private.h"/>
		<Unit filename="mongocrypt/mongocrypt-private.h"/>
		<Unit filename="mongocrypt/mongocrypt-status-private.h"/>
		<Unit filename="mongocrypt/mongocrypt-traverse-util-private.h"/>
		<Unit filename="mongocrypt/mongocrypt-util-private.h"/>
		<Unit filename="mongocrypt/mongocrypt.h"/>
		<Unit filename="utf8proc/utf8proc.h"/>
		<Unit filename="yggr_detail/c_version_support.h"/>
		<Unit filename="yggr_detail/config/bson_config_android.h"/>
		<Unit filename="yggr_detail/config/bson_config_darwin.h"/>
		<Unit filename="yggr_detail/config/bson_config_ios.h"/>
		<Unit filename="yggr_detail/config/bson_config_linux.h"/>
		<Unit filename="yggr_detail/config/bson_config_mingw.h"/>
		<Unit filename="yggr_detail/config/bson_config_msvc.h"/>
		<Unit filename="yggr_detail/config/common_config.h"/>
		<Unit filename="yggr_detail/config/mongoc_config_android.h"/>
		<Unit filename="yggr_detail/config/mongoc_config_darwin.h"/>
		<Unit filename="yggr_detail/config/mongoc_config_ios.h"/>
		<Unit filename="yggr_detail/config/mongoc_config_linux.h"/>
		<Unit filename="yggr_detail/config/mongoc_config_mingw.h"/>
		<Unit filename="yggr_detail/config/mongoc_config_msvc.h"/>
		<Unit filename="yggr_detail/config/mongocrypt_config_android.h"/>
		<Unit filename="yggr_detail/config/mongocrypt_config_darwin.h"/>
		<Unit filename="yggr_detail/config/mongocrypt_config_ios.h"/>
		<Unit filename="yggr_detail/config/mongocrypt_config_linux.h"/>
		<Unit filename="yggr_detail/config/mongocrypt_config_mingw.h"/>
		<Unit filename="yggr_detail/config/mongocrypt_config_msvc.h"/>
		<Unit filename="yggr_detail/double_limit.h"/>
		<Unit filename="yggr_detail/inteldfp_config.h"/>
		<Unit filename="yggr_detail/inttypes.h"/>
		<Unit filename="yggr_detail/mongo_c__func__.h"/>
		<Unit filename="yggr_detail/mongo_c_inline.h"/>
		<Unit filename="yggr_detail/original_error_t.h"/>
		<Unit filename="yggr_detail/platform_config.h"/>
		<Unit filename="yggr_detail/stdbool.h"/>
		<Unit filename="yggr_detail/warning_check.h"/>
		<Unit filename="yggr_detail/yggr_bson_t.h"/>
		<Unit filename="yggr_detail/yggr_mongoc_t.h"/>
		<Extensions>
			<lib_finder disable_auto="1"/>
		</Extensions>
	</Project>
</CodeBlocks_project_file>
