<?xml version="1.0" encoding="utf-8"?>
<Project ToolsVersion="4.0" xmlns="http://schemas.microsoft.com/developer/msbuild/2003">
  <ItemGroup>
    <Filter Include="Source Files">
      <UniqueIdentifier>{dcaa4dfe-e5b0-4c36-898a-77166f133200}</UniqueIdentifier>
      <Extensions>cpp;c;cxx;rc;def;r;odl;idl;hpj;bat</Extensions>
    </Filter>
    <Filter Include="Header Files">
      <UniqueIdentifier>{3dd728ae-ce55-4f14-bef3-2c1d4a98daca}</UniqueIdentifier>
      <Extensions>h;hpp;hxx;hm;inl</Extensions>
    </Filter>
    <Filter Include="Resource Files">
      <UniqueIdentifier>{925e2215-11dd-4420-9262-72342778d4a1}</UniqueIdentifier>
      <Extensions>ico;cur;bmp;dlg;rc2;rct;bin;rgs;gif;jpg;jpeg;jpe</Extensions>
    </Filter>
  </ItemGroup>
  <ItemGroup>
    <ClInclude Include="proxy_trun_tcp_svr_test\calculator.hpp">
      <Filter>Header Files</Filter>
    </ClInclude>
    <ClInclude Include="proxy_trun_tcp_svr_test\config.hpp">
      <Filter>Header Files</Filter>
    </ClInclude>
    <ClInclude Include="proxy_trun_tcp_svr_test\handler_reg.hpp">
      <Filter>Header Files</Filter>
    </ClInclude>
    <ClInclude Include="proxy_trun_tcp_svr_test\init_server.hpp">
      <Filter>Header Files</Filter>
    </ClInclude>
    <ClInclude Include="proxy_trun_tcp_svr_test\protocol_reg.hpp">
      <Filter>Header Files</Filter>
    </ClInclude>
    <ClInclude Include="proxy_trun_tcp_svr_test\init_proxy.hpp">
      <Filter>Header Files</Filter>
    </ClInclude>
  </ItemGroup>
  <ItemGroup>
    <ClCompile Include="proxy_trun_tcp_svr_test\calculator.cpp">
      <Filter>Source Files</Filter>
    </ClCompile>
    <ClCompile Include="proxy_trun_tcp_svr_test\protocol_reg.cpp">
      <Filter>Source Files</Filter>
    </ClCompile>
    <ClCompile Include="proxy_trun_tcp_svr_test\proxy_trun_tcp_svr_test.cpp">
      <Filter>Source Files</Filter>
    </ClCompile>
    <ClCompile Include="proxy_trun_tcp_svr_test\init_server_zwei.cpp">
      <Filter>Source Files</Filter>
    </ClCompile>
    <ClCompile Include="proxy_trun_tcp_svr_test\init_server_eins.cpp">
      <Filter>Source Files</Filter>
    </ClCompile>
    <ClCompile Include="proxy_trun_tcp_svr_test\init_proxy.cpp">
      <Filter>Source Files</Filter>
    </ClCompile>
    <ClCompile Include="proxy_trun_tcp_svr_test\handler_reg_eins.cpp">
      <Filter>Source Files</Filter>
    </ClCompile>
    <ClCompile Include="proxy_trun_tcp_svr_test\handler_reg_zwei.cpp">
      <Filter>Source Files</Filter>
    </ClCompile>
  </ItemGroup>
</Project>