<?xml version="1.0" encoding="utf-8"?>
<CodeBlocks_project_file>
	<FileVersion major="1" minor="6"/>
	<Project>
		<Option title="dll_param_test"/>
		<Option pch_mode="2"/>
		<Option compiler="gcc"/>
		<Build>
			<Target title="Debug-Win32">
				<Option type="4"/>
				<Option compiler="gnu_gcc32_compiler"/>
				<Option projectLinkerOptionsRelation="2"/>
				<Compiler>
					<Add option="-m32"/>
					<Add option="-O0"/>
					<Add option="-g"/>
					<Add option="-Werror=unused-variable"/>
				</Compiler>
				<Linker>
					<Add option="-m32"/>
				</Linker>
			</Target>
			<Target title="Release-Win32">
				<Option type="4"/>
				<Option compiler="gnu_gcc32_compiler"/>
				<Option projectLinkerOptionsRelation="2"/>
				<Compiler>
					<Add option="-m32"/>
					<Add option="-O3"/>
				</Compiler>
				<Linker>
					<Add option="-m32"/>
					<Add option="-s"/>
				</Linker>
			</Target>
			<Target title="Debug-x64">
				<Option type="4"/>
				<Option compiler="gcc"/>
				<Option projectLinkerOptionsRelation="2"/>
				<Compiler>
					<Add option="-m64"/>
					<Add option="-O0"/>
					<Add option="-g"/>
					<Add option="-Werror=unused-variable"/>
				</Compiler>
				<Linker>
					<Add option="-m64"/>
				</Linker>
			</Target>
			<Target title="Release-x64">
				<Option type="4"/>
				<Option compiler="gcc"/>
				<Option projectLinkerOptionsRelation="2"/>
				<Compiler>
					<Add option="-m64"/>
					<Add option="-O3"/>
				</Compiler>
				<Linker>
					<Add option="-m64"/>
					<Add option="-s"/>
				</Linker>
			</Target>
		</Build>
		<VirtualTargets>
			<Add alias="all" targets="NIL;"/>
			<Add alias="all_libonly" targets="NIL;"/>
		</VirtualTargets>
		<Compiler>
			<Add option="-Wall"/>
			<Add option="-std=c++03"/>
			<Add option="-fexceptions"/>
			<Add option="-Wno-sign-compare"/>
			<Add option="-Wno-comment"/>
			<Add option="-Wno-enum-compare"/>
			<Add option="-Wno-unused-local-typedefs"/>
			<Add option="-Wno-multichar"/>
			<Add option="-Werror=return-type"/>
			<Add option="-Werror=endif-labels"/>
			<Add option="-fdata-sections"/>
			<Add option="-ffunction-sections"/>
			<Add option="-fno-strict-aliasing"/>
			<Add option="-Werror=reorder"/>
			<Add option="-ftemplate-backtrace-limit=0"/>
		</Compiler>
		<Unit filename="dll_param.hpp"/>
		<Extensions>
			<lib_finder disable_auto="1"/>
		</Extensions>
	</Project>
</CodeBlocks_project_file>
