// !$*UTF8*$!
{
	archiveVersion = 1;
	classes = {
	};
	objectVersion = 46;
	objects = {

/* Begin PBXBuildFile section */
		D2969EBD198C320400FA3ABF /* Foundation.framework in Frameworks */ = {isa = PBXBuildFile; fileRef = D2969EBC198C320400FA3ABF /* Foundation.framework */; };
		D2969EE4198C32B600FA3ABF /* time.cpp in Sources */ = {isa = PBXBuildFile; fileRef = D2969EE3198C32B600FA3ABF /* time.cpp */; };
/* End PBXBuildFile section */

/* Begin PBXCopyFilesBuildPhase section */
		D2969EB7198C320400FA3ABF /* CopyFiles */ = {
			isa = PBXCopyFilesBuildPhase;
			buildActionMask = 2147483647;
			dstPath = "include/$(PRODUCT_NAME)";
			dstSubfolderSpec = 16;
			files = (
			);
			runOnlyForDeploymentPostprocessing = 0;
		};
/* End PBXCopyFilesBuildPhase section */

/* Begin PBXFileReference section */
		D2969EB9198C320400FA3ABF /* libyggr_time-ios.a */ = {isa = PBXFileReference; explicitFileType = archive.ar; includeInIndex = 0; path = "libyggr_time-ios.a"; sourceTree = BUILT_PRODUCTS_DIR; };
		D2969EBC198C320400FA3ABF /* Foundation.framework */ = {isa = PBXFileReference; lastKnownFileType = wrapper.framework; name = Foundation.framework; path = Library/Frameworks/Foundation.framework; sourceTree = DEVELOPER_DIR; };
		D2969ECA198C320400FA3ABF /* XCTest.framework */ = {isa = PBXFileReference; lastKnownFileType = wrapper.framework; name = XCTest.framework; path = Library/Frameworks/XCTest.framework; sourceTree = DEVELOPER_DIR; };
		D2969ECD198C320400FA3ABF /* UIKit.framework */ = {isa = PBXFileReference; lastKnownFileType = wrapper.framework; name = UIKit.framework; path = Library/Frameworks/UIKit.framework; sourceTree = DEVELOPER_DIR; };
		D2969EE3198C32B600FA3ABF /* time.cpp */ = {isa = PBXFileReference; fileEncoding = 4; lastKnownFileType = sourcecode.cpp.cpp; path = time.cpp; sourceTree = "<group>"; };
		D2969EE6198C355000FA3ABF /* yggr_time-ios-Prefix.pch */ = {isa = PBXFileReference; fileEncoding = 4; lastKnownFileType = sourcecode.c.h; name = "yggr_time-ios-Prefix.pch"; path = "yggr_time-ios/yggr_time-ios-Prefix.pch"; sourceTree = "<group>"; };
/* End PBXFileReference section */

/* Begin PBXFrameworksBuildPhase section */
		D2969EB6198C320400FA3ABF /* Frameworks */ = {
			isa = PBXFrameworksBuildPhase;
			buildActionMask = 2147483647;
			files = (
				D2969EBD198C320400FA3ABF /* Foundation.framework in Frameworks */,
			);
			runOnlyForDeploymentPostprocessing = 0;
		};
/* End PBXFrameworksBuildPhase section */

/* Begin PBXGroup section */
		D2969EB0198C320400FA3ABF = {
			isa = PBXGroup;
			children = (
				D2969EE6198C355000FA3ABF /* yggr_time-ios-Prefix.pch */,
				D2969EE2198C329400FA3ABF /* yggr_time-ios */,
				D2969EBB198C320400FA3ABF /* Frameworks */,
				D2969EBA198C320400FA3ABF /* Products */,
			);
			sourceTree = "<group>";
		};
		D2969EBA198C320400FA3ABF /* Products */ = {
			isa = PBXGroup;
			children = (
				D2969EB9198C320400FA3ABF /* libyggr_time-ios.a */,
			);
			name = Products;
			sourceTree = "<group>";
		};
		D2969EBB198C320400FA3ABF /* Frameworks */ = {
			isa = PBXGroup;
			children = (
				D2969EBC198C320400FA3ABF /* Foundation.framework */,
				D2969ECA198C320400FA3ABF /* XCTest.framework */,
				D2969ECD198C320400FA3ABF /* UIKit.framework */,
			);
			name = Frameworks;
			sourceTree = "<group>";
		};
		D2969EE2198C329400FA3ABF /* yggr_time-ios */ = {
			isa = PBXGroup;
			children = (
				D2969EE3198C32B600FA3ABF /* time.cpp */,
			);
			name = "yggr_time-ios";
			sourceTree = "<group>";
		};
/* End PBXGroup section */

/* Begin PBXNativeTarget section */
		D2969EB8198C320400FA3ABF /* yggr_time-ios */ = {
			isa = PBXNativeTarget;
			buildConfigurationList = D2969EDC198C320400FA3ABF /* Build configuration list for PBXNativeTarget "yggr_time-ios" */;
			buildPhases = (
				D2969EB5198C320400FA3ABF /* Sources */,
				D2969EB6198C320400FA3ABF /* Frameworks */,
				D2969EB7198C320400FA3ABF /* CopyFiles */,
			);
			buildRules = (
			);
			dependencies = (
			);
			name = "yggr_time-ios";
			productName = "yggr_time-ios";
			productReference = D2969EB9198C320400FA3ABF /* libyggr_time-ios.a */;
			productType = "com.apple.product-type.library.static";
		};
/* End PBXNativeTarget section */

/* Begin PBXProject section */
		D2969EB1198C320400FA3ABF /* Project object */ = {
			isa = PBXProject;
			attributes = {
				LastUpgradeCheck = 0510;
				ORGANIZATIONNAME = yggdrasil;
			};
			buildConfigurationList = D2969EB4198C320400FA3ABF /* Build configuration list for PBXProject "yggr_time-ios" */;
			compatibilityVersion = "Xcode 3.2";
			developmentRegion = English;
			hasScannedForEncodings = 0;
			knownRegions = (
				en,
			);
			mainGroup = D2969EB0198C320400FA3ABF;
			productRefGroup = D2969EBA198C320400FA3ABF /* Products */;
			projectDirPath = "";
			projectRoot = "";
			targets = (
				D2969EB8198C320400FA3ABF /* yggr_time-ios */,
			);
		};
/* End PBXProject section */

/* Begin PBXSourcesBuildPhase section */
		D2969EB5198C320400FA3ABF /* Sources */ = {
			isa = PBXSourcesBuildPhase;
			buildActionMask = 2147483647;
			files = (
				D2969EE4198C32B600FA3ABF /* time.cpp in Sources */,
			);
			runOnlyForDeploymentPostprocessing = 0;
		};
/* End PBXSourcesBuildPhase section */

/* Begin XCBuildConfiguration section */
		D2969EDA198C320400FA3ABF /* Debug */ = {
			isa = XCBuildConfiguration;
			buildSettings = {
				ALWAYS_SEARCH_USER_PATHS = NO;
				CLANG_CXX_LANGUAGE_STANDARD = "gnu++0x";
				CLANG_CXX_LIBRARY = "libstdc++";
				CLANG_ENABLE_MODULES = YES;
				CLANG_ENABLE_OBJC_ARC = YES;
				CLANG_WARN_BOOL_CONVERSION = YES;
				CLANG_WARN_CONSTANT_CONVERSION = YES;
				CLANG_WARN_DIRECT_OBJC_ISA_USAGE = YES_ERROR;
				CLANG_WARN_EMPTY_BODY = YES;
				CLANG_WARN_ENUM_CONVERSION = YES;
				CLANG_WARN_INT_CONVERSION = YES;
				CLANG_WARN_OBJC_ROOT_CLASS = YES_ERROR;
				CLANG_WARN__DUPLICATE_METHOD_MATCH = YES;
				COPY_PHASE_STRIP = NO;
				GCC_C_LANGUAGE_STANDARD = gnu99;
				GCC_DYNAMIC_NO_PIC = NO;
				GCC_OPTIMIZATION_LEVEL = 0;
				GCC_PREPROCESSOR_DEFINITIONS = (
					"DEBUG=1",
					"$(inherited)",
				);
				GCC_SYMBOLS_PRIVATE_EXTERN = NO;
				GCC_WARN_64_TO_32_BIT_CONVERSION = YES;
				GCC_WARN_ABOUT_RETURN_TYPE = YES_ERROR;
				GCC_WARN_UNDECLARED_SELECTOR = YES;
				GCC_WARN_UNINITIALIZED_AUTOS = YES_AGGRESSIVE;
				GCC_WARN_UNUSED_FUNCTION = YES;
				GCC_WARN_UNUSED_VARIABLE = YES;
				HEADER_SEARCH_PATHS = (
					"$(inherited)",
					/Applications/Xcode.app/Contents/Developer/Toolchains/XcodeDefault.xctoolchain/usr/include,
					../../third_part/boost/include,
					../,
				);
				IPHONEOS_DEPLOYMENT_TARGET = 5.1;
				LIBRARY_SEARCH_PATHS = "";
				ONLY_ACTIVE_ARCH = YES;
				OTHER_CFLAGS = (
					"-D_DEBUG",
					"-fexceptions",
					"-fdata-sections",
					"-ffunction-sections",
					"-fno-strict-aliasing",
				);
				SDKROOT = iphoneos;
				TARGETED_DEVICE_FAMILY = "1,2";
			};
			name = Debug;
		};
		D2969EDB198C320400FA3ABF /* Release */ = {
			isa = XCBuildConfiguration;
			buildSettings = {
				ALWAYS_SEARCH_USER_PATHS = NO;
				CLANG_CXX_LANGUAGE_STANDARD = "gnu++0x";
				CLANG_CXX_LIBRARY = "libstdc++";
				CLANG_ENABLE_MODULES = YES;
				CLANG_ENABLE_OBJC_ARC = YES;
				CLANG_WARN_BOOL_CONVERSION = YES;
				CLANG_WARN_CONSTANT_CONVERSION = YES;
				CLANG_WARN_DIRECT_OBJC_ISA_USAGE = YES_ERROR;
				CLANG_WARN_EMPTY_BODY = YES;
				CLANG_WARN_ENUM_CONVERSION = YES;
				CLANG_WARN_INT_CONVERSION = YES;
				CLANG_WARN_OBJC_ROOT_CLASS = YES_ERROR;
				CLANG_WARN__DUPLICATE_METHOD_MATCH = YES;
				COPY_PHASE_STRIP = YES;
				ENABLE_NS_ASSERTIONS = NO;
				GCC_C_LANGUAGE_STANDARD = gnu99;
				GCC_OPTIMIZATION_LEVEL = 3;
				GCC_WARN_64_TO_32_BIT_CONVERSION = YES;
				GCC_WARN_ABOUT_RETURN_TYPE = YES_ERROR;
				GCC_WARN_UNDECLARED_SELECTOR = YES;
				GCC_WARN_UNINITIALIZED_AUTOS = YES_AGGRESSIVE;
				GCC_WARN_UNUSED_FUNCTION = YES;
				GCC_WARN_UNUSED_VARIABLE = YES;
				HEADER_SEARCH_PATHS = (
					"$(inherited)",
					/Applications/Xcode.app/Contents/Developer/Toolchains/XcodeDefault.xctoolchain/usr/include,
					../../third_part/boost/include,
					../,
				);
				IPHONEOS_DEPLOYMENT_TARGET = 5.1;
				LIBRARY_SEARCH_PATHS = "";
				OTHER_CFLAGS = (
					"-DNDEBUG",
					"-fexceptions",
					"-fdata-sections",
					"-ffunction-sections",
					"-fno-strict-aliasing",
				);
				SDKROOT = iphoneos;
				TARGETED_DEVICE_FAMILY = "1,2";
				VALIDATE_PRODUCT = YES;
			};
			name = Release;
		};
		D2969EDD198C320400FA3ABF /* Debug */ = {
			isa = XCBuildConfiguration;
			buildSettings = {
				DSTROOT = /tmp/yggr_time_ios.dst;
				FRAMEWORK_SEARCH_PATHS = (
					"$(inherited)",
					"$(DEVELOPER_FRAMEWORKS_DIR)",
				);
				GCC_PRECOMPILE_PREFIX_HEADER = YES;
				GCC_PREFIX_HEADER = "yggr_time-ios/yggr_time-ios-Prefix.pch";
				IPHONEOS_DEPLOYMENT_TARGET = 5.1;
				LIBRARY_SEARCH_PATHS = "";
				OTHER_CFLAGS = "-D_DEBUG";
				OTHER_LDFLAGS = "-ObjC";
				PRODUCT_NAME = "$(TARGET_NAME)";
				SKIP_INSTALL = YES;
				STRIP_STYLE = all;
				TARGETED_DEVICE_FAMILY = "1,2";
			};
			name = Debug;
		};
		D2969EDE198C320400FA3ABF /* Release */ = {
			isa = XCBuildConfiguration;
			buildSettings = {
				DSTROOT = /tmp/yggr_time_ios.dst;
				FRAMEWORK_SEARCH_PATHS = (
					"$(inherited)",
					"$(DEVELOPER_FRAMEWORKS_DIR)",
				);
				GCC_PRECOMPILE_PREFIX_HEADER = YES;
				GCC_PREFIX_HEADER = "yggr_time-ios/yggr_time-ios-Prefix.pch";
				IPHONEOS_DEPLOYMENT_TARGET = 5.1;
				LIBRARY_SEARCH_PATHS = "";
				OTHER_LDFLAGS = "-ObjC";
				PRODUCT_NAME = "$(TARGET_NAME)";
				SKIP_INSTALL = YES;
				STRIP_STYLE = all;
				TARGETED_DEVICE_FAMILY = "1,2";
			};
			name = Release;
		};
/* End XCBuildConfiguration section */

/* Begin XCConfigurationList section */
		D2969EB4198C320400FA3ABF /* Build configuration list for PBXProject "yggr_time-ios" */ = {
			isa = XCConfigurationList;
			buildConfigurations = (
				D2969EDA198C320400FA3ABF /* Debug */,
				D2969EDB198C320400FA3ABF /* Release */,
			);
			defaultConfigurationIsVisible = 0;
			defaultConfigurationName = Release;
		};
		D2969EDC198C320400FA3ABF /* Build configuration list for PBXNativeTarget "yggr_time-ios" */ = {
			isa = XCConfigurationList;
			buildConfigurations = (
				D2969EDD198C320400FA3ABF /* Debug */,
				D2969EDE198C320400FA3ABF /* Release */,
			);
			defaultConfigurationIsVisible = 0;
			defaultConfigurationName = Release;
		};
/* End XCConfigurationList section */
	};
	rootObject = D2969EB1198C320400FA3ABF /* Project object */;
}
